
Microsoft Visual Studio Solution File, Format Version 12.00
# Visual Studio Version 16
VisualStudioVersion = 16.0.29806.167
MinimumVisualStudioVersion = 10.0.40219.1
Project("{FAE04EC0-301F-11D3-BF4B-00C04F79EFBC}") = "DFM", "DFM\DFM.csproj", "{48C32AAD-B366-462F-931C-F570C535B463}"
EndProject
Project("{9A19103F-16F7-4668-BE54-9A1E7A4F7556}") = "DFMC", "DFMC\DFMC.csproj", "{9BC8A2C5-9A70-44A5-AC6E-2CFD67CB1BC3}"
EndProject
Project("{FAE04EC0-301F-11D3-BF4B-00C04F79EFBC}") = "SubfileS", "SubfileS\SubfileS.csproj", "{402C9D24-022B-4BB3-BF1B-1DA5ECACB3A8}"
EndProject
Project("{FAE04EC0-301F-11D3-BF4B-00C04F79EFBC}") = "DFMCExe", "DFMCExe\DFMCExe.csproj", "{6D14BCF0-C000-414A-AE14-BBC602E5972D}"
EndProject
Project("{FAE04EC0-301F-11D3-BF4B-00C04F79EFBC}") = "RefContexts", "RefContexts\RefContexts.csproj", "{07995900-2E74-43A2-A89A-E7327920E7FA}"
EndProject
Project("{FAE04EC0-301F-11D3-BF4B-00C04F79EFBC}") = "DFMDocFiles", "DFMDocFiles\DFMDocFiles.csproj", "{4CE8B075-4A64-4B77-A903-1554BE406795}"
EndProject
Project("{2150E333-8FDC-42A3-9474-1A3956D46DE8}") = "Tests", "Tests", "{5975098C-95FF-45FC-8687-59D5EC35905C}"
EndProject
Project("{9A19103F-16F7-4668-BE54-9A1E7A4F7556}") = "RefContexts.UnitTest", "RefContexts.UnitTest\RefContexts.UnitTest.csproj", "{26DCAA5A-0C54-48FA-9121-D9C477409976}"
EndProject
Project("{2150E333-8FDC-42A3-9474-1A3956D46DE8}") = "textFilesManitpulation", "textFilesManitpulation", "{3EFC935D-29A1-479F-BD88-C70C2AF5A353}"
EndProject
Project("{9A19103F-16F7-4668-BE54-9A1E7A4F7556}") = "CompareVSInstallations", "CompareVSInstallations\CompareVSInstallations.csproj", "{718B4623-A4B6-461A-96D4-BDEAA8D53081}"
EndProject
Project("{2150E333-8FDC-42A3-9474-1A3956D46DE8}") = "Solution Items", "Solution Items", "{5AE771A9-EF90-437C-8D00-9CA1575AC0C9}"
	ProjectSection(SolutionItems) = preProject
		.editorconfig = .editorconfig
		SolutionInfo.md = SolutionInfo.md
	EndProjectSection
EndProject
Project("{2150E333-8FDC-42A3-9474-1A3956D46DE8}") = "textEditor", "textEditor", "{610ECCD2-CA11-46B9-98B0-3B42C397099F}"
EndProject
Project("{9A19103F-16F7-4668-BE54-9A1E7A4F7556}") = "TextArea", "TextArea\TextArea.csproj", "{E5992EC7-01E9-4CDF-BF9C-6BFB1D837491}"
EndProject
Project("{9A19103F-16F7-4668-BE54-9A1E7A4F7556}") = "TextEditorTests", "TextEditorTests\TextEditorTests.csproj", "{A4544F24-1E47-480D-9C9F-4EDA17A5C56D}"
EndProject
Project("{9A19103F-16F7-4668-BE54-9A1E7A4F7556}") = "GraphicsCore2D", "GraphicsCore2D\GraphicsCore2D.csproj", "{EF8E600D-9E72-413F-A99E-7990D22889A3}"
EndProject
Project("{9A19103F-16F7-4668-BE54-9A1E7A4F7556}") = "TreeTesting", "TreeTesting\TreeTesting.csproj", "{ACB4CF56-B052-49F8-8E7E-BED01A4435B6}"
EndProject
Project("{9A19103F-16F7-4668-BE54-9A1E7A4F7556}") = "GraphicsCore2DTest", "GraphicsCore2DTest\GraphicsCore2DTest.csproj", "{CE72E22F-FD6B-4D60-BF09-8B734099C262}"
EndProject
Project("{2150E333-8FDC-42A3-9474-1A3956D46DE8}") = "experiments", "experiments", "{0EFBE5A1-DEA4-4104-A025-D962CDC82FCE}"
EndProject
Project("{9A19103F-16F7-4668-BE54-9A1E7A4F7556}") = "WpfDNet", "WpfDNet\WpfDNet.csproj", "{E040C02B-00A7-4E89-81A5-9ED5D725BAF2}"
EndProject
Global
	GlobalSection(SolutionConfigurationPlatforms) = preSolution
		Debug|Any CPU = Debug|Any CPU
		Release|Any CPU = Release|Any CPU
	EndGlobalSection
	GlobalSection(ProjectConfigurationPlatforms) = postSolution
		{48C32AAD-B366-462F-931C-F570C535B463}.Debug|Any CPU.ActiveCfg = Debug|Any CPU
		{48C32AAD-B366-462F-931C-F570C535B463}.Debug|Any CPU.Build.0 = Debug|Any CPU
		{48C32AAD-B366-462F-931C-F570C535B463}.Release|Any CPU.ActiveCfg = Release|Any CPU
		{48C32AAD-B366-462F-931C-F570C535B463}.Release|Any CPU.Build.0 = Release|Any CPU
		{9BC8A2C5-9A70-44A5-AC6E-2CFD67CB1BC3}.Debug|Any CPU.ActiveCfg = Debug|Any CPU
		{9BC8A2C5-9A70-44A5-AC6E-2CFD67CB1BC3}.Debug|Any CPU.Build.0 = Debug|Any CPU
		{9BC8A2C5-9A70-44A5-AC6E-2CFD67CB1BC3}.Release|Any CPU.ActiveCfg = Release|Any CPU
		{9BC8A2C5-9A70-44A5-AC6E-2CFD67CB1BC3}.Release|Any CPU.Build.0 = Release|Any CPU
		{402C9D24-022B-4BB3-BF1B-1DA5ECACB3A8}.Debug|Any CPU.ActiveCfg = Debug|Any CPU
		{402C9D24-022B-4BB3-BF1B-1DA5ECACB3A8}.Debug|Any CPU.Build.0 = Debug|Any CPU
		{402C9D24-022B-4BB3-BF1B-1DA5ECACB3A8}.Release|Any CPU.ActiveCfg = Release|Any CPU
		{402C9D24-022B-4BB3-BF1B-1DA5ECACB3A8}.Release|Any CPU.Build.0 = Release|Any CPU
		{6D14BCF0-C000-414A-AE14-BBC602E5972D}.Debug|Any CPU.ActiveCfg = Debug|Any CPU
		{6D14BCF0-C000-414A-AE14-BBC602E5972D}.Debug|Any CPU.Build.0 = Debug|Any CPU
		{6D14BCF0-C000-414A-AE14-BBC602E5972D}.Release|Any CPU.ActiveCfg = Release|Any CPU
		{6D14BCF0-C000-414A-AE14-BBC602E5972D}.Release|Any CPU.Build.0 = Release|Any CPU
		{07995900-2E74-43A2-A89A-E7327920E7FA}.Debug|Any CPU.ActiveCfg = Debug|Any CPU
		{07995900-2E74-43A2-A89A-E7327920E7FA}.Debug|Any CPU.Build.0 = Debug|Any CPU
		{07995900-2E74-43A2-A89A-E7327920E7FA}.Release|Any CPU.ActiveCfg = Release|Any CPU
		{07995900-2E74-43A2-A89A-E7327920E7FA}.Release|Any CPU.Build.0 = Release|Any CPU
		{4CE8B075-4A64-4B77-A903-1554BE406795}.Debug|Any CPU.ActiveCfg = Debug|Any CPU
		{4CE8B075-4A64-4B77-A903-1554BE406795}.Debug|Any CPU.Build.0 = Debug|Any CPU
		{4CE8B075-4A64-4B77-A903-1554BE406795}.Release|Any CPU.ActiveCfg = Release|Any CPU
		{4CE8B075-4A64-4B77-A903-1554BE406795}.Release|Any CPU.Build.0 = Release|Any CPU
		{26DCAA5A-0C54-48FA-9121-D9C477409976}.Debug|Any CPU.ActiveCfg = Debug|Any CPU
		{26DCAA5A-0C54-48FA-9121-D9C477409976}.Debug|Any CPU.Build.0 = Debug|Any CPU
		{26DCAA5A-0C54-48FA-9121-D9C477409976}.Release|Any CPU.ActiveCfg = Release|Any CPU
		{26DCAA5A-0C54-48FA-9121-D9C477409976}.Release|Any CPU.Build.0 = Release|Any CPU
		{718B4623-A4B6-461A-96D4-BDEAA8D53081}.Debug|Any CPU.ActiveCfg = Debug|Any CPU
		{718B4623-A4B6-461A-96D4-BDEAA8D53081}.Debug|Any CPU.Build.0 = Debug|Any CPU
		{718B4623-A4B6-461A-96D4-BDEAA8D53081}.Release|Any CPU.ActiveCfg = Release|Any CPU
		{718B4623-A4B6-461A-96D4-BDEAA8D53081}.Release|Any CPU.Build.0 = Release|Any CPU
		{E5992EC7-01E9-4CDF-BF9C-6BFB1D837491}.Debug|Any CPU.ActiveCfg = Debug|Any CPU
		{E5992EC7-01E9-4CDF-BF9C-6BFB1D837491}.Debug|Any CPU.Build.0 = Debug|Any CPU
		{E5992EC7-01E9-4CDF-BF9C-6BFB1D837491}.Release|Any CPU.ActiveCfg = Release|Any CPU
		{E5992EC7-01E9-4CDF-BF9C-6BFB1D837491}.Release|Any CPU.Build.0 = Release|Any CPU
		{A4544F24-1E47-480D-9C9F-4EDA17A5C56D}.Debug|Any CPU.ActiveCfg = Debug|Any CPU
		{A4544F24-1E47-480D-9C9F-4EDA17A5C56D}.Debug|Any CPU.Build.0 = Debug|Any CPU
		{A4544F24-1E47-480D-9C9F-4EDA17A5C56D}.Release|Any CPU.ActiveCfg = Release|Any CPU
		{A4544F24-1E47-480D-9C9F-4EDA17A5C56D}.Release|Any CPU.Build.0 = Release|Any CPU
		{EF8E600D-9E72-413F-A99E-7990D22889A3}.Debug|Any CPU.ActiveCfg = Debug|Any CPU
		{EF8E600D-9E72-413F-A99E-7990D22889A3}.Debug|Any CPU.Build.0 = Debug|Any CPU
		{EF8E600D-9E72-413F-A99E-7990D22889A3}.Release|Any CPU.ActiveCfg = Release|Any CPU
		{EF8E600D-9E72-413F-A99E-7990D22889A3}.Release|Any CPU.Build.0 = Release|Any CPU
		{ACB4CF56-B052-49F8-8E7E-BED01A4435B6}.Debug|Any CPU.ActiveCfg = Debug|Any CPU
		{ACB4CF56-B052-49F8-8E7E-BED01A4435B6}.Debug|Any CPU.Build.0 = Debug|Any CPU
		{ACB4CF56-B052-49F8-8E7E-BED01A4435B6}.Release|Any CPU.ActiveCfg = Release|Any CPU
		{ACB4CF56-B052-49F8-8E7E-BED01A4435B6}.Release|Any CPU.Build.0 = Release|Any CPU
		{CE72E22F-FD6B-4D60-BF09-8B734099C262}.Debug|Any CPU.ActiveCfg = Debug|Any CPU
		{CE72E22F-FD6B-4D60-BF09-8B734099C262}.Debug|Any CPU.Build.0 = Debug|Any CPU
		{CE72E22F-FD6B-4D60-BF09-8B734099C262}.Release|Any CPU.ActiveCfg = Release|Any CPU
		{CE72E22F-FD6B-4D60-BF09-8B734099C262}.Release|Any CPU.Build.0 = Release|Any CPU
		{E040C02B-00A7-4E89-81A5-9ED5D725BAF2}.Debug|Any CPU.ActiveCfg = Debug|Any CPU
		{E040C02B-00A7-4E89-81A5-9ED5D725BAF2}.Debug|Any CPU.Build.0 = Debug|Any CPU
		{E040C02B-00A7-4E89-81A5-9ED5D725BAF2}.Release|Any CPU.ActiveCfg = Release|Any CPU
		{E040C02B-00A7-4E89-81A5-9ED5D725BAF2}.Release|Any CPU.Build.0 = Release|Any CPU
	EndGlobalSection
	GlobalSection(SolutionProperties) = preSolution
		HideSolutionNode = FALSE
	EndGlobalSection
	GlobalSection(NestedProjects) = preSolution
		{26DCAA5A-0C54-48FA-9121-D9C477409976} = {5975098C-95FF-45FC-8687-59D5EC35905C}
		{718B4623-A4B6-461A-96D4-BDEAA8D53081} = {3EFC935D-29A1-479F-BD88-C70C2AF5A353}
		{E5992EC7-01E9-4CDF-BF9C-6BFB1D837491} = {610ECCD2-CA11-46B9-98B0-3B42C397099F}
		{A4544F24-1E47-480D-9C9F-4EDA17A5C56D} = {5975098C-95FF-45FC-8687-59D5EC35905C}
		{EF8E600D-9E72-413F-A99E-7990D22889A3} = {610ECCD2-CA11-46B9-98B0-3B42C397099F}
		{ACB4CF56-B052-49F8-8E7E-BED01A4435B6} = {5975098C-95FF-45FC-8687-59D5EC35905C}
		{CE72E22F-FD6B-4D60-BF09-8B734099C262} = {5975098C-95FF-45FC-8687-59D5EC35905C}
		{0EFBE5A1-DEA4-4104-A025-D962CDC82FCE} = {5975098C-95FF-45FC-8687-59D5EC35905C}
		{E040C02B-00A7-4E89-81A5-9ED5D725BAF2} = {0EFBE5A1-DEA4-4104-A025-D962CDC82FCE}
	EndGlobalSection
	GlobalSection(ExtensibilityGlobals) = postSolution
		SolutionGuid = {E302B1D2-ED43-4C20-93F8-349ACEA6C57B}
	EndGlobalSection
EndGlobal
